// !$*UTF8*$!
{
	archiveVersion = 1;
	classes = {
	};
	objectVersion = 51;
	objects = {

/* Begin PBXBuildFile section */
		55FA1F3A473B874AD5093CA3 /* Pods_Alamofire_simple_App_.framework in Frameworks */ = {isa = PBXBuildFile; fileRef = 26EFBE4970935BB0C9704298 /* Pods_Alamofire_simple_App_.framework */; };
		636ACDFA2406CCBA000AB7D3 /* AppDelegate.swift in Sources */ = {isa = PBXBuildFile; fileRef = 636ACDF92406CCBA000AB7D3 /* AppDelegate.swift */; };
		636ACDFC2406CCBA000AB7D3 /* SceneDelegate.swift in Sources */ = {isa = PBXBuildFile; fileRef = 636ACDFB2406CCBA000AB7D3 /* SceneDelegate.swift */; };
		636ACDFE2406CCBA000AB7D3 /* ViewController.swift in Sources */ = {isa = PBXBuildFile; fileRef = 636ACDFD2406CCBA000AB7D3 /* ViewController.swift */; };
		636ACE012406CCBB000AB7D3 /* Main.storyboard in Resources */ = {isa = PBXBuildFile; fileRef = 636ACDFF2406CCBB000AB7D3 /* Main.storyboard */; };
		636ACE032406CCBC000AB7D3 /* Assets.xcassets in Resources */ = {isa = PBXBuildFile; fileRef = 636ACE022406CCBC000AB7D3 /* Assets.xcassets */; };
		636ACE062406CCBC000AB7D3 /* LaunchScreen.storyboard in Resources */ = {isa = PBXBuildFile; fileRef = 636ACE042406CCBC000AB7D3 /* LaunchScreen.storyboard */; };
		636ACE0E2406D4BC000AB7D3 /* Model.swift in Sources */ = {isa = PBXBuildFile; fileRef = 636ACE0D2406D4BC000AB7D3 /* Model.swift */; };
		636ACE102406D9EE000AB7D3 /* CustomTableViewCell.swift in Sources */ = {isa = PBXBuildFile; fileRef = 636ACE0F2406D9EE000AB7D3 /* CustomTableViewCell.swift */; };
/* End PBXBuildFile section */

/* Begin PBXFileReference section */
		26EFBE4970935BB0C9704298 /* Pods_Alamofire_simple_App_.framework */ = {isa = PBXFileReference; explicitFileType = wrapper.framework; includeInIndex = 0; path = Pods_Alamofire_simple_App_.framework; sourceTree = BUILT_PRODUCTS_DIR; };
		636ACDF62406CCBA000AB7D3 /* Alamofire(simple App).app */ = {isa = PBXFileReference; explicitFileType = wrapper.application; includeInIndex = 0; path = "Alamofire(simple App).app"; sourceTree = BUILT_PRODUCTS_DIR; };
		636ACDF92406CCBA000AB7D3 /* AppDelegate.swift */ = {isa = PBXFileReference; lastKnownFileType = sourcecode.swift; path = AppDelegate.swift; sourceTree = "<group>"; };
		636ACDFB2406CCBA000AB7D3 /* SceneDelegate.swift */ = {isa = PBXFileReference; lastKnownFileType = sourcecode.swift; path = SceneDelegate.swift; sourceTree = "<group>"; };
		636ACDFD2406CCBA000AB7D3 /* ViewController.swift */ = {isa = PBXFileReference; lastKnownFileType = sourcecode.swift; path = ViewController.swift; sourceTree = "<group>"; };
		636ACE002406CCBB000AB7D3 /* Base */ = {isa = PBXFileReference; lastKnownFileType = file.storyboard; name = Base; path = Base.lproj/Main.storyboard; sourceTree = "<group>"; };
		636ACE022406CCBC000AB7D3 /* Assets.xcassets */ = {isa = PBXFileReference; lastKnownFileType = folder.assetcatalog; path = Assets.xcassets; sourceTree = "<group>"; };
		636ACE052406CCBC000AB7D3 /* Base */ = {isa = PBXFileReference; lastKnownFileType = file.storyboard; name = Base; path = Base.lproj/LaunchScreen.storyboard; sourceTree = "<group>"; };
		636ACE072406CCBC000AB7D3 /* Info.plist */ = {isa = PBXFileReference; lastKnownFileType = text.plist.xml; path = Info.plist; sourceTree = "<group>"; };
		636ACE0D2406D4BC000AB7D3 /* Model.swift */ = {isa = PBXFileReference; lastKnownFileType = sourcecode.swift; path = Model.swift; sourceTree = "<group>"; };
		636ACE0F2406D9EE000AB7D3 /* CustomTableViewCell.swift */ = {isa = PBXFileReference; lastKnownFileType = sourcecode.swift; path = CustomTableViewCell.swift; sourceTree = "<group>"; };
		654ACF1A73E70497BF1B217B /* Pods-Alamofire(simple App).debug.xcconfig */ = {isa = PBXFileReference; includeInIndex = 1; lastKnownFileType = text.xcconfig; name = "Pods-Alamofire(simple App).debug.xcconfig"; path = "Target Support Files/Pods-Alamofire(simple App)/Pods-Alamofire(simple App).debug.xcconfig"; sourceTree = "<group>"; };
		9E9B53852FD7E0F53CD10023 /* Pods-Alamofire(simple App).release.xcconfig */ = {isa = PBXFileReference; includeInIndex = 1; lastKnownFileType = text.xcconfig; name = "Pods-Alamofire(simple App).release.xcconfig"; path = "Target Support Files/Pods-Alamofire(simple App)/Pods-Alamofire(simple App).release.xcconfig"; sourceTree = "<group>"; };
/* End PBXFileReference section */

/* Begin PBXFrameworksBuildPhase section */
		636ACDF32406CCBA000AB7D3 /* Frameworks */ = {
			isa = PBXFrameworksBuildPhase;
			buildActionMask = 2147483647;
			files = (
				55FA1F3A473B874AD5093CA3 /* Pods_Alamofire_simple_App_.framework in Frameworks */,
			);
			runOnlyForDeploymentPostprocessing = 0;
		};
/* End PBXFrameworksBuildPhase section */

/* Begin PBXGroup section */
		345FB0D57D83F36991307A70 /* Frameworks */ = {
			isa = PBXGroup;
			children = (
				26EFBE4970935BB0C9704298 /* Pods_Alamofire_simple_App_.framework */,
			);
			name = Frameworks;
			sourceTree = "<group>";
		};
		636ACDED2406CCBA000AB7D3 = {
			isa = PBXGroup;
			children = (
				636ACDF82406CCBA000AB7D3 /* Alamofire(simple App) */,
				636ACDF72406CCBA000AB7D3 /* Products */,
				6C346AB2781849AAC53AEF60 /* Pods */,
				345FB0D57D83F36991307A70 /* Frameworks */,
			);
			sourceTree = "<group>";
		};
		636ACDF72406CCBA000AB7D3 /* Products */ = {
			isa = PBXGroup;
			children = (
				636ACDF62406CCBA000AB7D3 /* Alamofire(simple App).app */,
			);
			name = Products;
			sourceTree = "<group>";
		};
		636ACDF82406CCBA000AB7D3 /* Alamofire(simple App) */ = {
			isa = PBXGroup;
			children = (
				636ACDF92406CCBA000AB7D3 /* AppDelegate.swift */,
				636ACDFB2406CCBA000AB7D3 /* SceneDelegate.swift */,
				636ACDFD2406CCBA000AB7D3 /* ViewController.swift */,
				636ACE0F2406D9EE000AB7D3 /* CustomTableViewCell.swift */,
				636ACE0D2406D4BC000AB7D3 /* Model.swift */,
				636ACDFF2406CCBB000AB7D3 /* Main.storyboard */,
				636ACE022406CCBC000AB7D3 /* Assets.xcassets */,
				636ACE042406CCBC000AB7D3 /* LaunchScreen.storyboard */,
				636ACE072406CCBC000AB7D3 /* Info.plist */,
			);
			path = "Alamofire(simple App)";
			sourceTree = "<group>";
		};
		6C346AB2781849AAC53AEF60 /* Pods */ = {
			isa = PBXGroup;
			children = (
				654ACF1A73E70497BF1B217B /* Pods-Alamofire(simple App).debug.xcconfig */,
				9E9B53852FD7E0F53CD10023 /* Pods-Alamofire(simple App).release.xcconfig */,
			);
			path = Pods;
			sourceTree = "<group>";
		};
/* End PBXGroup section */

/* Begin PBXNativeTarget section */
		636ACDF52406CCBA000AB7D3 /* Alamofire(simple App) */ = {
			isa = PBXNativeTarget;
			buildConfigurationList = 636ACE0A2406CCBC000AB7D3 /* Build configuration list for PBXNativeTarget "Alamofire(simple App)" */;
			buildPhases = (
				1E13ACF194F552992BEE3499 /* [CP] Check Pods Manifest.lock */,
				636ACDF22406CCBA000AB7D3 /* Sources */,
				636ACDF32406CCBA000AB7D3 /* Frameworks */,
				636ACDF42406CCBA000AB7D3 /* Resources */,
				2519BB0F3F3627D74FBAC725 /* [CP] Embed Pods Frameworks */,
			);
			buildRules = (
			);
			dependencies = (
			);
			name = "Alamofire(simple App)";
			productName = "Alamofire(simple App)";
			productReference = 636ACDF62406CCBA000AB7D3 /* Alamofire(simple App).app */;
			productType = "com.apple.product-type.application";
		};
/* End PBXNativeTarget section */

/* Begin PBXProject section */
		636ACDEE2406CCBA000AB7D3 /* Project object */ = {
			isa = PBXProject;
			attributes = {
				LastSwiftUpdateCheck = 1120;
				LastUpgradeCheck = 1120;
				ORGANIZATIONNAME = "Sergey Golenko";
				TargetAttributes = {
					636ACDF52406CCBA000AB7D3 = {
						CreatedOnToolsVersion = 11.2.1;
					};
				};
			};
			buildConfigurationList = 636ACDF12406CCBA000AB7D3 /* Build configuration list for PBXProject "Alamofire(simple App)" */;
			compatibilityVersion = "Xcode 9.3";
			developmentRegion = en;
			hasScannedForEncodings = 0;
			knownRegions = (
				en,
				Base,
			);
			mainGroup = 636ACDED2406CCBA000AB7D3;
			productRefGroup = 636ACDF72406CCBA000AB7D3 /* Products */;
			projectDirPath = "";
			projectRoot = "";
			targets = (
				636ACDF52406CCBA000AB7D3 /* Alamofire(simple App) */,
			);
		};
/* End PBXProject section */

/* Begin PBXResourcesBuildPhase section */
		636ACDF42406CCBA000AB7D3 /* Resources */ = {
			isa = PBXResourcesBuildPhase;
			buildActionMask = 2147483647;
			files = (
				636ACE062406CCBC000AB7D3 /* LaunchScreen.storyboard in Resources */,
				636ACE032406CCBC000AB7D3 /* Assets.xcassets in Resources */,
				636ACE012406CCBB000AB7D3 /* Main.storyboard in Resources */,
			);
			runOnlyForDeploymentPostprocessing = 0;
		};
/* End PBXResourcesBuildPhase section */

/* Begin PBXShellScriptBuildPhase section */
		1E13ACF194F552992BEE3499 /* [CP] Check Pods Manifest.lock */ = {
			isa = PBXShellScriptBuildPhase;
			buildActionMask = 2147483647;
			files = (
			);
			inputFileListPaths = (
			);
			inputPaths = (
				"${PODS_PODFILE_DIR_PATH}/Podfile.lock",
				"${PODS_ROOT}/Manifest.lock",
			);
			name = "[CP] Check Pods Manifest.lock";
			outputFileListPaths = (
			);
			outputPaths = (
				"$(DERIVED_FILE_DIR)/Pods-Alamofire(simple App)-checkManifestLockResult.txt",
			);
			runOnlyForDeploymentPostprocessing = 0;
			shellPath = /bin/sh;
			shellScript = "diff \"${PODS_PODFILE_DIR_PATH}/Podfile.lock\" \"${PODS_ROOT}/Manifest.lock\" > /dev/null\nif [ $? != 0 ] ; then\n    # print error to STDERR\n    echo \"error: The sandbox is not in sync with the Podfile.lock. Run 'pod install' or update your CocoaPods installation.\" >&2\n    exit 1\nfi\n# This output is used by Xcode 'outputs' to avoid re-running this script phase.\necho \"SUCCESS\" > \"${SCRIPT_OUTPUT_FILE_0}\"\n";
			showEnvVarsInLog = 0;
		};
		2519BB0F3F3627D74FBAC725 /* [CP] Embed Pods Frameworks */ = {
			isa = PBXShellScriptBuildPhase;
			buildActionMask = 2147483647;
			files = (
			);
			inputFileListPaths = (
				"${PODS_ROOT}/Target Support Files/Pods-Alamofire(simple App)/Pods-Alamofire(simple App)-frameworks-${CONFIGURATION}-input-files.xcfilelist",
			);
			name = "[CP] Embed Pods Frameworks";
			outputFileListPaths = (
				"${PODS_ROOT}/Target Support Files/Pods-Alamofire(simple App)/Pods-Alamofire(simple App)-frameworks-${CONFIGURATION}-output-files.xcfilelist",
			);
			runOnlyForDeploymentPostprocessing = 0;
			shellPath = /bin/sh;
			shellScript = "\"${PODS_ROOT}/Target Support Files/Pods-Alamofire(simple App)/Pods-Alamofire(simple App)-frameworks.sh\"\n";
			showEnvVarsInLog = 0;
		};
/* End PBXShellScriptBuildPhase section */

/* Begin PBXSourcesBuildPhase section */
		636ACDF22406CCBA000AB7D3 /* Sources */ = {
			isa = PBXSourcesBuildPhase;
			buildActionMask = 2147483647;
			files = (
				636ACDFE2406CCBA000AB7D3 /* ViewController.swift in Sources */,
				636ACE102406D9EE000AB7D3 /* CustomTableViewCell.swift in Sources */,
				636ACDFA2406CCBA000AB7D3 /* AppDelegate.swift in Sources */,
				636ACDFC2406CCBA000AB7D3 /* SceneDelegate.swift in Sources */,
				636ACE0E2406D4BC000AB7D3 /* Model.swift in Sources */,
			);
			runOnlyForDeploymentPostprocessing = 0;
		};
/* End PBXSourcesBuildPhase section */

/* Begin PBXVariantGroup section */
		636ACDFF2406CCBB000AB7D3 /* Main.storyboard */ = {
			isa = PBXVariantGroup;
			children = (
				636ACE002406CCBB000AB7D3 /* Base */,
			);
			name = Main.storyboard;
			sourceTree = "<group>";
		};
		636ACE042406CCBC000AB7D3 /* LaunchScreen.storyboard */ = {
			isa = PBXVariantGroup;
			children = (
				636ACE052406CCBC000AB7D3 /* Base */,
			);
			name = LaunchScreen.storyboard;
			sourceTree = "<group>";
		};
/* End PBXVariantGroup section */

/* Begin XCBuildConfiguration section */
		636ACE082406CCBC000AB7D3 /* Debug */ = {
			isa = XCBuildConfiguration;
			buildSettings = {
				ALWAYS_SEARCH_USER_PATHS = NO;
				CLANG_ANALYZER_NONNULL = YES;
				CLANG_ANALYZER_NUMBER_OBJECT_CONVERSION = YES_AGGRESSIVE;
				CLANG_CXX_LANGUAGE_STANDARD = "gnu++14";
				CLANG_CXX_LIBRARY = "libc++";
				CLANG_ENABLE_MODULES = YES;
				CLANG_ENABLE_OBJC_ARC = YES;
				CLANG_ENABLE_OBJC_WEAK = YES;
				CLANG_WARN_BLOCK_CAPTURE_AUTORELEASING = YES;
				CLANG_WARN_BOOL_CONVERSION = YES;
				CLANG_WARN_COMMA = YES;
				CLANG_WARN_CONSTANT_CONVERSION = YES;
				CLANG_WARN_DEPRECATED_OBJC_IMPLEMENTATIONS = YES;
				CLANG_WARN_DIRECT_OBJC_ISA_USAGE = YES_ERROR;
				CLANG_WARN_DOCUMENTATION_COMMENTS = YES;
				CLANG_WARN_EMPTY_BODY = YES;
				CLANG_WARN_ENUM_CONVERSION = YES;
				CLANG_WARN_INFINITE_RECURSION = YES;
				CLANG_WARN_INT_CONVERSION = YES;
				CLANG_WARN_NON_LITERAL_NULL_CONVERSION = YES;
				CLANG_WARN_OBJC_IMPLICIT_RETAIN_SELF = YES;
				CLANG_WARN_OBJC_LITERAL_CONVERSION = YES;
				CLANG_WARN_OBJC_ROOT_CLASS = YES_ERROR;
				CLANG_WARN_RANGE_LOOP_ANALYSIS = YES;
				CLANG_WARN_STRICT_PROTOTYPES = YES;
				CLANG_WARN_SUSPICIOUS_MOVE = YES;
				CLANG_WARN_UNGUARDED_AVAILABILITY = YES_AGGRESSIVE;
				CLANG_WARN_UNREACHABLE_CODE = YES;
				CLANG_WARN__DUPLICATE_METHOD_MATCH = YES;
				COPY_PHASE_STRIP = NO;
				DEBUG_INFORMATION_FORMAT = dwarf;
				ENABLE_STRICT_OBJC_MSGSEND = YES;
				ENABLE_TESTABILITY = YES;
				GCC_C_LANGUAGE_STANDARD = gnu11;
				GCC_DYNAMIC_NO_PIC = NO;
				GCC_NO_COMMON_BLOCKS = YES;
				GCC_OPTIMIZATION_LEVEL = 0;
				GCC_PREPROCESSOR_DEFINITIONS = (
					"DEBUG=1",
					"$(inherited)",
				);
				GCC_WARN_64_TO_32_BIT_CONVERSION = YES;
				GCC_WARN_ABOUT_RETURN_TYPE = YES_ERROR;
				GCC_WARN_UNDECLARED_SELECTOR = YES;
				GCC_WARN_UNINITIALIZED_AUTOS = YES_AGGRESSIVE;
				GCC_WARN_UNUSED_FUNCTION = YES;
				GCC_WARN_UNUSED_VARIABLE = YES;
				IPHONEOS_DEPLOYMENT_TARGET = 13.2;
				MTL_ENABLE_DEBUG_INFO = INCLUDE_SOURCE;
				MTL_FAST_MATH = YES;
				ONLY_ACTIVE_ARCH = YES;
				SDKROOT = iphoneos;
				SWIFT_ACTIVE_COMPILATION_CONDITIONS = DEBUG;
				SWIFT_OPTIMIZATION_LEVEL = "-Onone";
			};
			name = Debug;
		};
		636ACE092406CCBC000AB7D3 /* Release */ = {
			isa = XCBuildConfiguration;
			buildSettings = {
				ALWAYS_SEARCH_USER_PATHS = NO;
				CLANG_ANALYZER_NONNULL = YES;
				CLANG_ANALYZER_NUMBER_OBJECT_CONVERSION = YES_AGGRESSIVE;
				CLANG_CXX_LANGUAGE_STANDARD = "gnu++14";
				CLANG_CXX_LIBRARY = "libc++";
				CLANG_ENABLE_MODULES = YES;
				CLANG_ENABLE_OBJC_ARC = YES;
				CLANG_ENABLE_OBJC_WEAK = YES;
				CLANG_WARN_BLOCK_CAPTURE_AUTORELEASING = YES;
				CLANG_WARN_BOOL_CONVERSION = YES;
				CLANG_WARN_COMMA = YES;
				CLANG_WARN_CONSTANT_CONVERSION = YES;
				CLANG_WARN_DEPRECATED_OBJC_IMPLEMENTATIONS = YES;
				CLANG_WARN_DIRECT_OBJC_ISA_USAGE = YES_ERROR;
				CLANG_WARN_DOCUMENTATION_COMMENTS = YES;
				CLANG_WARN_EMPTY_BODY = YES;
				CLANG_WARN_ENUM_CONVERSION = YES;
				CLANG_WARN_INFINITE_RECURSION = YES;
				CLANG_WARN_INT_CONVERSION = YES;
				CLANG_WARN_NON_LITERAL_NULL_CONVERSION = YES;
				CLANG_WARN_OBJC_IMPLICIT_RETAIN_SELF = YES;
				CLANG_WARN_OBJC_LITERAL_CONVERSION = YES;
				CLANG_WARN_OBJC_ROOT_CLASS = YES_ERROR;
				CLANG_WARN_RANGE_LOOP_ANALYSIS = YES;
				CLANG_WARN_STRICT_PROTOTYPES = YES;
				CLANG_WARN_SUSPICIOUS_MOVE = YES;
				CLANG_WARN_UNGUARDED_AVAILABILITY = YES_AGGRESSIVE;
				CLANG_WARN_UNREACHABLE_CODE = YES;
				CLANG_WARN__DUPLICATE_METHOD_MATCH = YES;
				COPY_PHASE_STRIP = NO;
				DEBUG_INFORMATION_FORMAT = "dwarf-with-dsym";
				ENABLE_NS_ASSERTIONS = NO;
				ENABLE_STRICT_OBJC_MSGSEND = YES;
				GCC_C_LANGUAGE_STANDARD = gnu11;
				GCC_NO_COMMON_BLOCKS = YES;
				GCC_WARN_64_TO_32_BIT_CONVERSION = YES;
				GCC_WARN_ABOUT_RETURN_TYPE = YES_ERROR;
				GCC_WARN_UNDECLARED_SELECTOR = YES;
				GCC_WARN_UNINITIALIZED_AUTOS = YES_AGGRESSIVE;
				GCC_WARN_UNUSED_FUNCTION = YES;
				GCC_WARN_UNUSED_VARIABLE = YES;
				IPHONEOS_DEPLOYMENT_TARGET = 13.2;
				MTL_ENABLE_DEBUG_INFO = NO;
				MTL_FAST_MATH = YES;
				SDKROOT = iphoneos;
				SWIFT_COMPILATION_MODE = wholemodule;
				SWIFT_OPTIMIZATION_LEVEL = "-O";
				VALIDATE_PRODUCT = YES;
			};
			name = Release;
		};
		636ACE0B2406CCBC000AB7D3 /* Debug */ = {
			isa = XCBuildConfiguration;
			baseConfigurationReference = 654ACF1A73E70497BF1B217B /* Pods-Alamofire(simple App).debug.xcconfig */;
			buildSettings = {
				ASSETCATALOG_COMPILER_APPICON_NAME = AppIcon;
				CODE_SIGN_STYLE = Automatic;
				DEVELOPMENT_TEAM = B3KLBR624F;
				INFOPLIST_FILE = "Alamofire(simple App)/Info.plist";
				LD_RUNPATH_SEARCH_PATHS = (
					"$(inherited)",
					"@executable_path/Frameworks",
				);
				PRODUCT_BUNDLE_IDENTIFIER = "com.swift.SergeyGolenko.Alamofire-simple-App-";
				PRODUCT_NAME = "$(TARGET_NAME)";
				SWIFT_VERSION = 5.0;
				TARGETED_DEVICE_FAMILY = "1,2";
			};
			name = Debug;
		};
		636ACE0C2406CCBC000AB7D3 /* Release */ = {
			isa = XCBuildConfiguration;
			baseConfigurationReference = 9E9B53852FD7E0F53CD10023 /* Pods-Alamofire(simple App).release.xcconfig */;
			buildSettings = {
				ASSETCATALOG_COMPILER_APPICON_NAME = AppIcon;
				CODE_SIGN_STYLE = Automatic;
				DEVELOPMENT_TEAM = B3KLBR624F;
				INFOPLIST_FILE = "Alamofire(simple App)/Info.plist";
				LD_RUNPATH_SEARCH_PATHS = (
					"$(inherited)",
					"@executable_path/Frameworks",
				);
				PRODUCT_BUNDLE_IDENTIFIER = "com.swift.SergeyGolenko.Alamofire-simple-App-";
				PRODUCT_NAME = "$(TARGET_NAME)";
				SWIFT_VERSION = 5.0;
				TARGETED_DEVICE_FAMILY = "1,2";
			};
			name = Release;
		};
/* End XCBuildConfiguration section */

/* Begin XCConfigurationList section */
		636ACDF12406CCBA000AB7D3 /* Build configuration list for PBXProject "Alamofire(simple App)" */ = {
			isa = XCConfigurationList;
			buildConfigurations = (
				636ACE082406CCBC000AB7D3 /* Debug */,
				636ACE092406CCBC000AB7D3 /* Release */,
			);
			defaultConfigurationIsVisible = 0;
			defaultConfigurationName = Release;
		};
		636ACE0A2406CCBC000AB7D3 /* Build configuration list for PBXNativeTarget "Alamofire(simple App)" */ = {
			isa = XCConfigurationList;
			buildConfigurations = (
				636ACE0B2406CCBC000AB7D3 /* Debug */,
				636ACE0C2406CCBC000AB7D3 /* Release */,
			);
			defaultConfigurationIsVisible = 0;
			defaultConfigurationName = Release;
		};
/* End XCConfigurationList section */
	};
	rootObject = 636ACDEE2406CCBA000AB7D3 /* Project object */;
}
